
Microsoft Visual Studio Solution File, Format Version 12.00
# Visual Studio Version 17
VisualStudioVersion = 17.0.31903.59
MinimumVisualStudioVersion = 10.0.40219.1
Project("{2150E333-8FDC-42A3-9474-1A3956D46DE8}") = "src", "src", "{827E0CD3-B72D-47B6-A68D-7590B98EB39B}"
EndProject
Project("{FAE04EC0-301F-11D3-BF4B-00C04F79EFBC}") = "Api", "src\Api\Api.csproj", "{80201B9A-7765-49DB-8092-F0AAA33CA2CC}"
EndProject
Project("{FAE04EC0-301F-11D3-BF4B-00C04F79EFBC}") = "Application", "src\Application\Application.csproj", "{8AA15F7C-6C57-46FF-9980-93A6A8484799}"
EndProject
Project("{FAE04EC0-301F-11D3-BF4B-00C04F79EFBC}") = "Domain", "src\Domain\Domain.csproj", "{D132FEF2-4A52-4176-A084-E496C804F530}"
EndProject
Project("{FAE04EC0-301F-11D3-BF4B-00C04F79EFBC}") = "Infrastructure", "src\Infrastructure\Infrastructure.csproj", "{B0AD23F0-93C3-4516-96A2-168CF230F6EF}"
EndProject
Project("{2150E333-8FDC-42A3-9474-1A3956D46DE8}") = "test", "test", "{0C88DD14-F956-CE84-757C-A364CCF449FC}"
EndProject
Project("{FAE04EC0-301F-11D3-BF4B-00C04F79EFBC}") = "Api.Tests", "test\Api.Tests\Api.Tests.csproj", "{91BC5FE4-133D-455D-B2EA-F2D254639596}"
EndProject
Global
	GlobalSection(SolutionConfigurationPlatforms) = preSolution
		Debug|Any CPU = Debug|Any CPU
		Debug|x64 = Debug|x64
		Debug|x86 = Debug|x86
		Release|Any CPU = Release|Any CPU
		Release|x64 = Release|x64
		Release|x86 = Release|x86
	EndGlobalSection
	GlobalSection(ProjectConfigurationPlatforms) = postSolution
		{80201B9A-7765-49DB-8092-F0AAA33CA2CC}.Debug|Any CPU.ActiveCfg = Debug|Any CPU
		{80201B9A-7765-49DB-8092-F0AAA33CA2CC}.Debug|Any CPU.Build.0 = Debug|Any CPU
		{80201B9A-7765-49DB-8092-F0AAA33CA2CC}.Debug|x64.ActiveCfg = Debug|Any CPU
		{80201B9A-7765-49DB-8092-F0AAA33CA2CC}.Debug|x64.Build.0 = Debug|Any CPU
		{80201B9A-7765-49DB-8092-F0AAA33CA2CC}.Debug|x86.ActiveCfg = Debug|Any CPU
		{80201B9A-7765-49DB-8092-F0AAA33CA2CC}.Debug|x86.Build.0 = Debug|Any CPU
		{80201B9A-7765-49DB-8092-F0AAA33CA2CC}.Release|Any CPU.ActiveCfg = Release|Any CPU
		{80201B9A-7765-49DB-8092-F0AAA33CA2CC}.Release|Any CPU.Build.0 = Release|Any CPU
		{80201B9A-7765-49DB-8092-F0AAA33CA2CC}.Release|x64.ActiveCfg = Release|Any CPU
		{80201B9A-7765-49DB-8092-F0AAA33CA2CC}.Release|x64.Build.0 = Release|Any CPU
		{80201B9A-7765-49DB-8092-F0AAA33CA2CC}.Release|x86.ActiveCfg = Release|Any CPU
		{80201B9A-7765-49DB-8092-F0AAA33CA2CC}.Release|x86.Build.0 = Release|Any CPU
		{8AA15F7C-6C57-46FF-9980-93A6A8484799}.Debug|Any CPU.ActiveCfg = Debug|Any CPU
		{8AA15F7C-6C57-46FF-9980-93A6A8484799}.Debug|Any CPU.Build.0 = Debug|Any CPU
		{8AA15F7C-6C57-46FF-9980-93A6A8484799}.Debug|x64.ActiveCfg = Debug|Any CPU
		{8AA15F7C-6C57-46FF-9980-93A6A8484799}.Debug|x64.Build.0 = Debug|Any CPU
		{8AA15F7C-6C57-46FF-9980-93A6A8484799}.Debug|x86.ActiveCfg = Debug|Any CPU
		{8AA15F7C-6C57-46FF-9980-93A6A8484799}.Debug|x86.Build.0 = Debug|Any CPU
		{8AA15F7C-6C57-46FF-9980-93A6A8484799}.Release|Any CPU.ActiveCfg = Release|Any CPU
		{8AA15F7C-6C57-46FF-9980-93A6A8484799}.Release|Any CPU.Build.0 = Release|Any CPU
		{8AA15F7C-6C57-46FF-9980-93A6A8484799}.Release|x64.ActiveCfg = Release|Any CPU
		{8AA15F7C-6C57-46FF-9980-93A6A8484799}.Release|x64.Build.0 = Release|Any CPU
		{8AA15F7C-6C57-46FF-9980-93A6A8484799}.Release|x86.ActiveCfg = Release|Any CPU
		{8AA15F7C-6C57-46FF-9980-93A6A8484799}.Release|x86.Build.0 = Release|Any CPU
		{D132FEF2-4A52-4176-A084-E496C804F530}.Debug|Any CPU.ActiveCfg = Debug|Any CPU
		{D132FEF2-4A52-4176-A084-E496C804F530}.Debug|Any CPU.Build.0 = Debug|Any CPU
		{D132FEF2-4A52-4176-A084-E496C804F530}.Debug|x64.ActiveCfg = Debug|Any CPU
		{D132FEF2-4A52-4176-A084-E496C804F530}.Debug|x64.Build.0 = Debug|Any CPU
		{D132FEF2-4A52-4176-A084-E496C804F530}.Debug|x86.ActiveCfg = Debug|Any CPU
		{D132FEF2-4A52-4176-A084-E496C804F530}.Debug|x86.Build.0 = Debug|Any CPU
		{D132FEF2-4A52-4176-A084-E496C804F530}.Release|Any CPU.ActiveCfg = Release|Any CPU
		{D132FEF2-4A52-4176-A084-E496C804F530}.Release|Any CPU.Build.0 = Release|Any CPU
		{D132FEF2-4A52-4176-A084-E496C804F530}.Release|x64.ActiveCfg = Release|Any CPU
		{D132FEF2-4A52-4176-A084-E496C804F530}.Release|x64.Build.0 = Release|Any CPU
		{D132FEF2-4A52-4176-A084-E496C804F530}.Release|x86.ActiveCfg = Release|Any CPU
		{D132FEF2-4A52-4176-A084-E496C804F530}.Release|x86.Build.0 = Release|Any CPU
		{B0AD23F0-93C3-4516-96A2-168CF230F6EF}.Debug|Any CPU.ActiveCfg = Debug|Any CPU
		{B0AD23F0-93C3-4516-96A2-168CF230F6EF}.Debug|Any CPU.Build.0 = Debug|Any CPU
		{B0AD23F0-93C3-4516-96A2-168CF230F6EF}.Debug|x64.ActiveCfg = Debug|Any CPU
		{B0AD23F0-93C3-4516-96A2-168CF230F6EF}.Debug|x64.Build.0 = Debug|Any CPU
		{B0AD23F0-93C3-4516-96A2-168CF230F6EF}.Debug|x86.ActiveCfg = Debug|Any CPU
		{B0AD23F0-93C3-4516-96A2-168CF230F6EF}.Debug|x86.Build.0 = Debug|Any CPU
		{B0AD23F0-93C3-4516-96A2-168CF230F6EF}.Release|Any CPU.ActiveCfg = Release|Any CPU
		{B0AD23F0-93C3-4516-96A2-168CF230F6EF}.Release|Any CPU.Build.0 = Release|Any CPU
		{B0AD23F0-93C3-4516-96A2-168CF230F6EF}.Release|x64.ActiveCfg = Release|Any CPU
		{B0AD23F0-93C3-4516-96A2-168CF230F6EF}.Release|x64.Build.0 = Release|Any CPU
		{B0AD23F0-93C3-4516-96A2-168CF230F6EF}.Release|x86.ActiveCfg = Release|Any CPU
		{B0AD23F0-93C3-4516-96A2-168CF230F6EF}.Release|x86.Build.0 = Release|Any CPU
		{91BC5FE4-133D-455D-B2EA-F2D254639596}.Debug|Any CPU.ActiveCfg = Debug|Any CPU
		{91BC5FE4-133D-455D-B2EA-F2D254639596}.Debug|Any CPU.Build.0 = Debug|Any CPU
		{91BC5FE4-133D-455D-B2EA-F2D254639596}.Debug|x64.ActiveCfg = Debug|Any CPU
		{91BC5FE4-133D-455D-B2EA-F2D254639596}.Debug|x64.Build.0 = Debug|Any CPU
		{91BC5FE4-133D-455D-B2EA-F2D254639596}.Debug|x86.ActiveCfg = Debug|Any CPU
		{91BC5FE4-133D-455D-B2EA-F2D254639596}.Debug|x86.Build.0 = Debug|Any CPU
		{91BC5FE4-133D-455D-B2EA-F2D254639596}.Release|Any CPU.ActiveCfg = Release|Any CPU
		{91BC5FE4-133D-455D-B2EA-F2D254639596}.Release|Any CPU.Build.0 = Release|Any CPU
		{91BC5FE4-133D-455D-B2EA-F2D254639596}.Release|x64.ActiveCfg = Release|Any CPU
		{91BC5FE4-133D-455D-B2EA-F2D254639596}.Release|x64.Build.0 = Release|Any CPU
		{91BC5FE4-133D-455D-B2EA-F2D254639596}.Release|x86.ActiveCfg = Release|Any CPU
		{91BC5FE4-133D-455D-B2EA-F2D254639596}.Release|x86.Build.0 = Release|Any CPU
	EndGlobalSection
	GlobalSection(SolutionProperties) = preSolution
		HideSolutionNode = FALSE
	EndGlobalSection
	GlobalSection(NestedProjects) = preSolution
		{80201B9A-7765-49DB-8092-F0AAA33CA2CC} = {827E0CD3-B72D-47B6-A68D-7590B98EB39B}
		{8AA15F7C-6C57-46FF-9980-93A6A8484799} = {827E0CD3-B72D-47B6-A68D-7590B98EB39B}
		{D132FEF2-4A52-4176-A084-E496C804F530} = {827E0CD3-B72D-47B6-A68D-7590B98EB39B}
		{B0AD23F0-93C3-4516-96A2-168CF230F6EF} = {827E0CD3-B72D-47B6-A68D-7590B98EB39B}
		{91BC5FE4-133D-455D-B2EA-F2D254639596} = {0C88DD14-F956-CE84-757C-A364CCF449FC}
	EndGlobalSection
EndGlobal
